
Microsoft Visual Studio Solution File, Format Version 12.00
# Visual Studio Version 17
VisualStudioVersion = 17.7.34202.233
MinimumVisualStudioVersion = 10.0.40219.1
Project("{9A19103F-16F7-4668-BE54-9A1E7A4F7556}") = "MMC_Auth.API", "MMC_Auth.API\MMC_Auth.API.csproj", "{C399B5A3-D663-47CA-91EB-87C6C81A88A8}"
EndProject
Project("{FAE04EC0-301F-11D3-BF4B-00C04F79EFBC}") = "MMC_Auth.Domain", "MMC_Auth.Domain\MMC_Auth.Domain.csproj", "{E1D6A4EF-BBE5-4574-BD52-5C83733D25A7}"
EndProject
Project("{FAE04EC0-301F-11D3-BF4B-00C04F79EFBC}") = "MMC_Auth.Application", "MMC_Auth.Application\MMC_Auth.Application.csproj", "{9A2F4483-A02D-42D4-BB83-504CF6DC43AC}"
EndProject
Project("{FAE04EC0-301F-11D3-BF4B-00C04F79EFBC}") = "MMC_Auth.Infrastructure", "MMC_Auth.Infrastructure\MMC_Auth.Infrastructure.csproj", "{731ADD4B-EFA7-41D4-AECD-665BCE76975F}"
EndProject
Global
	GlobalSection(SolutionConfigurationPlatforms) = preSolution
		Debug|Any CPU = Debug|Any CPU
		Release|Any CPU = Release|Any CPU
	EndGlobalSection
	GlobalSection(ProjectConfigurationPlatforms) = postSolution
		{C399B5A3-D663-47CA-91EB-87C6C81A88A8}.Debug|Any CPU.ActiveCfg = Debug|Any CPU
		{C399B5A3-D663-47CA-91EB-87C6C81A88A8}.Debug|Any CPU.Build.0 = Debug|Any CPU
		{C399B5A3-D663-47CA-91EB-87C6C81A88A8}.Release|Any CPU.ActiveCfg = Release|Any CPU
		{C399B5A3-D663-47CA-91EB-87C6C81A88A8}.Release|Any CPU.Build.0 = Release|Any CPU
		{E1D6A4EF-BBE5-4574-BD52-5C83733D25A7}.Debug|Any CPU.ActiveCfg = Debug|Any CPU
		{E1D6A4EF-BBE5-4574-BD52-5C83733D25A7}.Debug|Any CPU.Build.0 = Debug|Any CPU
		{E1D6A4EF-BBE5-4574-BD52-5C83733D25A7}.Release|Any CPU.ActiveCfg = Release|Any CPU
		{E1D6A4EF-BBE5-4574-BD52-5C83733D25A7}.Release|Any CPU.Build.0 = Release|Any CPU
		{9A2F4483-A02D-42D4-BB83-504CF6DC43AC}.Debug|Any CPU.ActiveCfg = Debug|Any CPU
		{9A2F4483-A02D-42D4-BB83-504CF6DC43AC}.Debug|Any CPU.Build.0 = Debug|Any CPU
		{9A2F4483-A02D-42D4-BB83-504CF6DC43AC}.Release|Any CPU.ActiveCfg = Release|Any CPU
		{9A2F4483-A02D-42D4-BB83-504CF6DC43AC}.Release|Any CPU.Build.0 = Release|Any CPU
		{731ADD4B-EFA7-41D4-AECD-665BCE76975F}.Debug|Any CPU.ActiveCfg = Debug|Any CPU
		{731ADD4B-EFA7-41D4-AECD-665BCE76975F}.Debug|Any CPU.Build.0 = Debug|Any CPU
		{731ADD4B-EFA7-41D4-AECD-665BCE76975F}.Release|Any CPU.ActiveCfg = Release|Any CPU
		{731ADD4B-EFA7-41D4-AECD-665BCE76975F}.Release|Any CPU.Build.0 = Release|Any CPU
	EndGlobalSection
	GlobalSection(SolutionProperties) = preSolution
		HideSolutionNode = FALSE
	EndGlobalSection
	GlobalSection(ExtensibilityGlobals) = postSolution
		SolutionGuid = {5C70CB5A-6BF6-4566-A144-2ED5C60A0B15}
	EndGlobalSection
EndGlobal
